
Microsoft Visual Studio Solution File, Format Version 12.00
# Visual Studio Version 17
VisualStudioVersion = 17.2.32516.85
MinimumVisualStudioVersion = 10.0.40219.1
Project("{FAE04EC0-301F-11D3-BF4B-00C04F79EFBC}") = "Classe", "Classe\Classe.csproj", "{1006CA1A-E9A0-4DE1-9BC1-3CBBB7C56A40}"
EndProject
Global
	GlobalSection(SolutionConfigurationPlatforms) = preSolution
		Debug|Any CPU = Debug|Any CPU
		Release|Any CPU = Release|Any CPU
	EndGlobalSection
	GlobalSection(ProjectConfigurationPlatforms) = postSolution
		{1006CA1A-E9A0-4DE1-9BC1-3CBBB7C56A40}.Debug|Any CPU.ActiveCfg = Debug|Any CPU
		{1006CA1A-E9A0-4DE1-9BC1-3CBBB7C56A40}.Debug|Any CPU.Build.0 = Debug|Any CPU
		{1006CA1A-E9A0-4DE1-9BC1-3CBBB7C56A40}.Release|Any CPU.ActiveCfg = Release|Any CPU
		{1006CA1A-E9A0-4DE1-9BC1-3CBBB7C56A40}.Release|Any CPU.Build.0 = Release|Any CPU
	EndGlobalSection
	GlobalSection(SolutionProperties) = preSolution
		HideSolutionNode = FALSE
	EndGlobalSection
	GlobalSection(ExtensibilityGlobals) = postSolution
		SolutionGuid = {75C1CC4B-A027-478A-A123-7573BE7C0ECD}
	EndGlobalSection
EndGlobal
