
Microsoft Visual Studio Solution File, Format Version 12.00
# Visual Studio Version 17
VisualStudioVersion = 17.2.32516.85
MinimumVisualStudioVersion = 10.0.40219.1
Project("{FAE04EC0-301F-11D3-BF4B-00C04F79EFBC}") = "ExercicioMetodosAbstratos", "ExercicioMetodosAbstratos\ExercicioMetodosAbstratos.csproj", "{7858B7E1-3DE4-4A8E-816C-50EECB4B73FE}"
EndProject
Global
	GlobalSection(SolutionConfigurationPlatforms) = preSolution
		Debug|Any CPU = Debug|Any CPU
		Release|Any CPU = Release|Any CPU
	EndGlobalSection
	GlobalSection(ProjectConfigurationPlatforms) = postSolution
		{7858B7E1-3DE4-4A8E-816C-50EECB4B73FE}.Debug|Any CPU.ActiveCfg = Debug|Any CPU
		{7858B7E1-3DE4-4A8E-816C-50EECB4B73FE}.Debug|Any CPU.Build.0 = Debug|Any CPU
		{7858B7E1-3DE4-4A8E-816C-50EECB4B73FE}.Release|Any CPU.ActiveCfg = Release|Any CPU
		{7858B7E1-3DE4-4A8E-816C-50EECB4B73FE}.Release|Any CPU.Build.0 = Release|Any CPU
	EndGlobalSection
	GlobalSection(SolutionProperties) = preSolution
		HideSolutionNode = FALSE
	EndGlobalSection
	GlobalSection(ExtensibilityGlobals) = postSolution
		SolutionGuid = {B994CCDA-19D3-447A-8440-FEC68512C904}
	EndGlobalSection
EndGlobal
